
Microsoft Visual Studio Solution File, Format Version 12.00
# Visual Studio Version 17
VisualStudioVersion = 17.8.34330.188
MinimumVisualStudioVersion = 10.0.40219.1
Project("{9A19103F-16F7-4668-BE54-9A1E7A4F7556}") = "PharmacyLocator", "PharmacyLocator.csproj", "{CC8703EF-AFB9-48EC-925B-B36649C53EC4}"
EndProject
Project("{9A19103F-16F7-4668-BE54-9A1E7A4F7556}") = "LoggerService", "..\LoggerService\LoggerService.csproj", "{99EF762B-C3C5-447F-910E-3CD66E2FC158}"
EndProject
Project("{9A19103F-16F7-4668-BE54-9A1E7A4F7556}") = "Contracts", "..\Contracts\Contracts.csproj", "{19F40EF7-C0E0-4D5D-99EA-BB6997C1EE10}"
EndProject
Project("{9A19103F-16F7-4668-BE54-9A1E7A4F7556}") = "Entities", "..\Entities\Entities.csproj", "{0FFAA4E4-5909-4567-B60E-E298B5597CAC}"
EndProject
Project("{9A19103F-16F7-4668-BE54-9A1E7A4F7556}") = "Repository", "..\Repository\Repository.csproj", "{4349260A-555A-4BA0-AFFE-4205B99312CD}"
EndProject
Project("{9A19103F-16F7-4668-BE54-9A1E7A4F7556}") = "Service.Contracts", "..\Service.Contracts\Service.Contracts.csproj", "{EF90F412-177C-4145-B53C-4319CF3D8B59}"
EndProject
Project("{9A19103F-16F7-4668-BE54-9A1E7A4F7556}") = "Service", "..\Service\Service.csproj", "{A3F06E26-3170-4B3F-BE47-83154C87F025}"
EndProject
Project("{9A19103F-16F7-4668-BE54-9A1E7A4F7556}") = "PharmacyLocator.Presentation", "..\PharmacyLocator.Presentation\PharmacyLocator.Presentation.csproj", "{40575241-B3AF-45D9-A0C1-FD8B3FA562E0}"
EndProject
Project("{9A19103F-16F7-4668-BE54-9A1E7A4F7556}") = "Shared", "..\Shared\Shared.csproj", "{6658C689-BAE3-4DB4-ADA3-489CF24E205E}"
EndProject
Project("{2150E333-8FDC-42A3-9474-1A3956D46DE8}") = "Solution Items", "Solution Items", "{8C937ABB-884F-41D6-8D27-340AA567EB12}"
	ProjectSection(SolutionItems) = preProject
		.gitignore = .gitignore
	EndProjectSection
EndProject
Global
	GlobalSection(SolutionConfigurationPlatforms) = preSolution
		Debug|Any CPU = Debug|Any CPU
		Release|Any CPU = Release|Any CPU
	EndGlobalSection
	GlobalSection(ProjectConfigurationPlatforms) = postSolution
		{CC8703EF-AFB9-48EC-925B-B36649C53EC4}.Debug|Any CPU.ActiveCfg = Debug|Any CPU
		{CC8703EF-AFB9-48EC-925B-B36649C53EC4}.Debug|Any CPU.Build.0 = Debug|Any CPU
		{CC8703EF-AFB9-48EC-925B-B36649C53EC4}.Release|Any CPU.ActiveCfg = Release|Any CPU
		{CC8703EF-AFB9-48EC-925B-B36649C53EC4}.Release|Any CPU.Build.0 = Release|Any CPU
		{99EF762B-C3C5-447F-910E-3CD66E2FC158}.Debug|Any CPU.ActiveCfg = Debug|Any CPU
		{99EF762B-C3C5-447F-910E-3CD66E2FC158}.Debug|Any CPU.Build.0 = Debug|Any CPU
		{99EF762B-C3C5-447F-910E-3CD66E2FC158}.Release|Any CPU.ActiveCfg = Release|Any CPU
		{99EF762B-C3C5-447F-910E-3CD66E2FC158}.Release|Any CPU.Build.0 = Release|Any CPU
		{19F40EF7-C0E0-4D5D-99EA-BB6997C1EE10}.Debug|Any CPU.ActiveCfg = Debug|Any CPU
		{19F40EF7-C0E0-4D5D-99EA-BB6997C1EE10}.Debug|Any CPU.Build.0 = Debug|Any CPU
		{19F40EF7-C0E0-4D5D-99EA-BB6997C1EE10}.Release|Any CPU.ActiveCfg = Release|Any CPU
		{19F40EF7-C0E0-4D5D-99EA-BB6997C1EE10}.Release|Any CPU.Build.0 = Release|Any CPU
		{0FFAA4E4-5909-4567-B60E-E298B5597CAC}.Debug|Any CPU.ActiveCfg = Debug|Any CPU
		{0FFAA4E4-5909-4567-B60E-E298B5597CAC}.Debug|Any CPU.Build.0 = Debug|Any CPU
		{0FFAA4E4-5909-4567-B60E-E298B5597CAC}.Release|Any CPU.ActiveCfg = Release|Any CPU
		{0FFAA4E4-5909-4567-B60E-E298B5597CAC}.Release|Any CPU.Build.0 = Release|Any CPU
		{4349260A-555A-4BA0-AFFE-4205B99312CD}.Debug|Any CPU.ActiveCfg = Debug|Any CPU
		{4349260A-555A-4BA0-AFFE-4205B99312CD}.Debug|Any CPU.Build.0 = Debug|Any CPU
		{4349260A-555A-4BA0-AFFE-4205B99312CD}.Release|Any CPU.ActiveCfg = Release|Any CPU
		{4349260A-555A-4BA0-AFFE-4205B99312CD}.Release|Any CPU.Build.0 = Release|Any CPU
		{EF90F412-177C-4145-B53C-4319CF3D8B59}.Debug|Any CPU.ActiveCfg = Debug|Any CPU
		{EF90F412-177C-4145-B53C-4319CF3D8B59}.Debug|Any CPU.Build.0 = Debug|Any CPU
		{EF90F412-177C-4145-B53C-4319CF3D8B59}.Release|Any CPU.ActiveCfg = Release|Any CPU
		{EF90F412-177C-4145-B53C-4319CF3D8B59}.Release|Any CPU.Build.0 = Release|Any CPU
		{A3F06E26-3170-4B3F-BE47-83154C87F025}.Debug|Any CPU.ActiveCfg = Debug|Any CPU
		{A3F06E26-3170-4B3F-BE47-83154C87F025}.Debug|Any CPU.Build.0 = Debug|Any CPU
		{A3F06E26-3170-4B3F-BE47-83154C87F025}.Release|Any CPU.ActiveCfg = Release|Any CPU
		{A3F06E26-3170-4B3F-BE47-83154C87F025}.Release|Any CPU.Build.0 = Release|Any CPU
		{40575241-B3AF-45D9-A0C1-FD8B3FA562E0}.Debug|Any CPU.ActiveCfg = Debug|Any CPU
		{40575241-B3AF-45D9-A0C1-FD8B3FA562E0}.Debug|Any CPU.Build.0 = Debug|Any CPU
		{40575241-B3AF-45D9-A0C1-FD8B3FA562E0}.Release|Any CPU.ActiveCfg = Release|Any CPU
		{40575241-B3AF-45D9-A0C1-FD8B3FA562E0}.Release|Any CPU.Build.0 = Release|Any CPU
		{6658C689-BAE3-4DB4-ADA3-489CF24E205E}.Debug|Any CPU.ActiveCfg = Debug|Any CPU
		{6658C689-BAE3-4DB4-ADA3-489CF24E205E}.Debug|Any CPU.Build.0 = Debug|Any CPU
		{6658C689-BAE3-4DB4-ADA3-489CF24E205E}.Release|Any CPU.ActiveCfg = Release|Any CPU
		{6658C689-BAE3-4DB4-ADA3-489CF24E205E}.Release|Any CPU.Build.0 = Release|Any CPU
	EndGlobalSection
	GlobalSection(SolutionProperties) = preSolution
		HideSolutionNode = FALSE
	EndGlobalSection
	GlobalSection(ExtensibilityGlobals) = postSolution
		SolutionGuid = {71283556-9BD7-4E49-9AF1-0FF389F70FC0}
	EndGlobalSection
EndGlobal
